{
  "nodes": {
    "home-manager": {
      "inputs": {
        "nixpkgs": [
          "nixpkgs"
        ]
      },
      "locked": {
        "lastModified": 1708988456,
        "narHash": "sha256-RCz7Xe64tN2zgWk+MVHkzg224znwqknJ1RnB7rVqUWw=",
        "owner": "nix-community",
        "repo": "home-manager",
        "rev": "1d085ea4444d26aa52297758b333b449b2aa6fca",
        "type": "github"
      },
      "original": {
        "owner": "nix-community",
        "repo": "home-manager",
        "type": "github"
      }
    },
    "nixpkgs": {
      "locked": {
        "lastModified": 1709101946,
        "narHash": "sha256-TsySgcWm/GlbYdL3AEva49ceeI2BdPQ7muwfYNr1fwo=",
        "owner": "NixOS",
        "repo": "nixpkgs",
        "rev": "d53c2037394da6fe98decca417fc8fda64bf2443",
        "type": "github"
      },
      "original": {
        "id": "nixpkgs",
        "ref": "nixpkgs-unstable",
        "type": "indirect"
      }
    },
    "root": {
      "inputs": {
        "home-manager": "home-manager",
        "nixpkgs": "nixpkgs"
      }
    }
  },
  "root": "root",
  "version": 7
}
