# This file is automatically @generated by Poetry 2.1.2 and should not be changed by hand.

[[package]]
name = "prompt-toolkit"
version = "3.0.51"
description = "Library for building powerful interactive command lines in Python"
optional = false
python-versions = ">=3.8"
groups = ["main"]
files = [
    {file = "prompt_toolkit-3.0.51-py3-none-any.whl", hash = "sha256:52742911fde84e2d423e2f9a4cf1de7d7ac4e51958f648d9540e0fb8db077b07"},
    {file = "prompt_toolkit-3.0.51.tar.gz", hash = "sha256:931a162e3b27fc90c86f1b48bb1fb2c528c2761475e57c9c06de13311c7b54ed"},
]

[package.dependencies]
wcwidth = "*"

[[package]]
name = "pygments"
version = "2.19.1"
description = "Pygments is a syntax highlighting package written in Python."
optional = false
python-versions = ">=3.8"
groups = ["main"]
files = [
    {file = "pygments-2.19.1-py3-none-any.whl", hash = "sha256:9ea1544ad55cecf4b8242fab6dd35a93bbce657034b0611ee383099054ab6d8c"},
    {file = "pygments-2.19.1.tar.gz", hash = "sha256:61c16d2a8576dc0649d9f39e089b5f02bcd27fba10d8fb4dcc28173f7a45151f"},
]

[package.extras]
windows-terminal = ["colorama (>=0.4.6)"]

[[package]]
name = "wcwidth"
version = "0.2.13"
description = "Measures the displayed width of unicode strings in a terminal"
optional = false
python-versions = "*"
groups = ["main"]
files = [
    {file = "wcwidth-0.2.13-py2.py3-none-any.whl", hash = "sha256:3da69048e4540d84af32131829ff948f1e022c1c6bdb8d6102117aac784f6859"},
    {file = "wcwidth-0.2.13.tar.gz", hash = "sha256:72ea0c06399eb286d978fdedb6923a9eb47e1c486ce63e9b4e64fc18303972b5"},
]

[[package]]
name = "xonsh"
version = "0.19.3"
description = "Python-powered shell. Full-featured and cross-platform."
optional = false
python-versions = ">=3.9"
groups = ["main"]
files = [
    {file = "xonsh-0.19.3-py310-none-any.whl", hash = "sha256:e0cd36b5a9765aa6f0e5365ac349fd3cbd452cc932d92c754de323dab2a8589a"},
    {file = "xonsh-0.19.3-py311-none-any.whl", hash = "sha256:319f03034a4838041d2326785c1fde3a45c709e825451aa4ff01b803ca452856"},
    {file = "xonsh-0.19.3-py312-none-any.whl", hash = "sha256:6339c72f3a36cf8022fc6daffb9b97571d3a32f31ef9ff0a41b1d5185724e8d7"},
    {file = "xonsh-0.19.3-py313-none-any.whl", hash = "sha256:1b1ca8fee195aab4bef36948aaf7580c2230580b5c0dd7c34a335fb84023efc4"},
    {file = "xonsh-0.19.3-py39-none-any.whl", hash = "sha256:80e3313fb375d49f0eef2f86375224b568b3cbdd019f63a6bc037117aac1704e"},
    {file = "xonsh-0.19.3.tar.gz", hash = "sha256:f3a58752b12f02bf2b17b91e88a83615115bb4883032cf8ef36e451964f29e90"},
]

[package.extras]
bestshell = ["prompt-toolkit (>=3.0.29)", "pygments (>=2.2)"]
dev = ["pre-commit", "re-ver", "tomli", "xonsh[doc,test]"]
doc = ["furo", "livereload", "matplotlib", "myst-parser", "numpydoc", "psutil", "pyzmq", "runthis-sphinxext", "sphinx (>=3.1)", "tornado", "xonsh[bestshell]"]
full = ["distro ; platform_system == \"Linux\"", "gnureadline ; platform_system == \"Darwin\"", "setproctitle ; platform_system == \"Windows\"", "ujson", "xonsh[ptk,pygments]"]
linux = ["distro"]
mac = ["gnureadline"]
proctitle = ["setproctitle"]
ptk = ["prompt-toolkit (>=3.0.29)", "pyperclip"]
pygments = ["pygments (>=2.2)"]
test = ["coverage (>=5.3.1)", "prompt-toolkit (>=3.0.29)", "pygments (>=2.2)", "pyte (>=0.8.0)", "pytest (>=7)", "pytest-cov", "pytest-mock", "pytest-rerunfailures", "pytest-subprocess", "pytest-timeout", "requests", "restructuredtext_lint", "virtualenv (>=20.16.2)", "xonsh[bestshell]"]

[metadata]
lock-version = "2.1"
python-versions = ">=3.11"
content-hash = "ff2e1dea495da0c83bfd27c5cd5c0d45f68d8d8536081b47e9d4476d04b2d714"
